
Microsoft Visual Studio Solution File, Format Version 12.00
# Visual Studio Version 17
VisualStudioVersion = 17.8.34525.116
MinimumVisualStudioVersion = 10.0.40219.1
Project("{FAE04EC0-301F-11D3-BF4B-00C04F79EFBC}") = "DeviceGuard2", "DeviceGuard2\DeviceGuard2.csproj", "{FB66F93C-AAFC-4D08-ACD1-9CDBA43684E7}"
EndProject
Global
	GlobalSection(SolutionConfigurationPlatforms) = preSolution
		Debug|Any CPU = Debug|Any CPU
		Release|Any CPU = Release|Any CPU
	EndGlobalSection
	GlobalSection(ProjectConfigurationPlatforms) = postSolution
		{FB66F93C-AAFC-4D08-ACD1-9CDBA43684E7}.Debug|Any CPU.ActiveCfg = Debug|Any CPU
		{FB66F93C-AAFC-4D08-ACD1-9CDBA43684E7}.Debug|Any CPU.Build.0 = Debug|Any CPU
		{FB66F93C-AAFC-4D08-ACD1-9CDBA43684E7}.Release|Any CPU.ActiveCfg = Release|Any CPU
		{FB66F93C-AAFC-4D08-ACD1-9CDBA43684E7}.Release|Any CPU.Build.0 = Release|Any CPU
	EndGlobalSection
	GlobalSection(SolutionProperties) = preSolution
		HideSolutionNode = FALSE
	EndGlobalSection
	GlobalSection(ExtensibilityGlobals) = postSolution
		SolutionGuid = {851B0E41-E9F9-4DE8-A7F4-721CF35DE83C}
	EndGlobalSection
EndGlobal
